
Microsoft Visual Studio Solution File, Format Version 12.00
# Visual Studio Version 16
VisualStudioVersion = 16.0.30114.105
MinimumVisualStudioVersion = 10.0.40219.1
Project("{9A19103F-16F7-4668-BE54-9A1E7A4F7556}") = "Models", "Models\Models.csproj", "{018F214F-2F39-43D0-ACA0-4574D7AFA4AB}"
EndProject
Project("{FAE04EC0-301F-11D3-BF4B-00C04F79EFBC}") = "REST", "REST\REST.csproj", "{6F63172D-A4F7-4366-8C38-E1831E87B416}"
EndProject
Project("{FAE04EC0-301F-11D3-BF4B-00C04F79EFBC}") = "WinForms", "WinForms\WinForms.csproj", "{EFA46D67-05FD-4E4C-B0FC-C272C5DD0904}"
EndProject
Global
	GlobalSection(SolutionConfigurationPlatforms) = preSolution
		Debug|Any CPU = Debug|Any CPU
		Release|Any CPU = Release|Any CPU
	EndGlobalSection
	GlobalSection(ProjectConfigurationPlatforms) = postSolution
		{018F214F-2F39-43D0-ACA0-4574D7AFA4AB}.Debug|Any CPU.ActiveCfg = Debug|Any CPU
		{018F214F-2F39-43D0-ACA0-4574D7AFA4AB}.Debug|Any CPU.Build.0 = Debug|Any CPU
		{018F214F-2F39-43D0-ACA0-4574D7AFA4AB}.Release|Any CPU.ActiveCfg = Release|Any CPU
		{018F214F-2F39-43D0-ACA0-4574D7AFA4AB}.Release|Any CPU.Build.0 = Release|Any CPU
		{6F63172D-A4F7-4366-8C38-E1831E87B416}.Debug|Any CPU.ActiveCfg = Debug|Any CPU
		{6F63172D-A4F7-4366-8C38-E1831E87B416}.Debug|Any CPU.Build.0 = Debug|Any CPU
		{6F63172D-A4F7-4366-8C38-E1831E87B416}.Release|Any CPU.ActiveCfg = Release|Any CPU
		{6F63172D-A4F7-4366-8C38-E1831E87B416}.Release|Any CPU.Build.0 = Release|Any CPU
		{EFA46D67-05FD-4E4C-B0FC-C272C5DD0904}.Debug|Any CPU.ActiveCfg = Debug|Any CPU
		{EFA46D67-05FD-4E4C-B0FC-C272C5DD0904}.Debug|Any CPU.Build.0 = Debug|Any CPU
		{EFA46D67-05FD-4E4C-B0FC-C272C5DD0904}.Release|Any CPU.ActiveCfg = Release|Any CPU
		{EFA46D67-05FD-4E4C-B0FC-C272C5DD0904}.Release|Any CPU.Build.0 = Release|Any CPU
	EndGlobalSection
	GlobalSection(SolutionProperties) = preSolution
		HideSolutionNode = FALSE
	EndGlobalSection
	GlobalSection(ExtensibilityGlobals) = postSolution
		SolutionGuid = {47DFC4D8-521D-440C-AD12-0F82BE78C3D0}
	EndGlobalSection
EndGlobal
